github.com/TheBoringDude/go-urljoin v0.0.0-20210619071347-4d8e4665ac54/go.mod h1:mR5zwmQT9QukYmBx5VLGEpbOVtfZr8Oh0Nl74QphRLg=
github.com/TheBoringDude/go-urljoin v0.0.1 h1:cn8uWW8IPlvIG5WOla8VKJXD/RGLtPagRKEqgoQjZmU=
github.com/TheBoringDude/go-urljoin v0.0.1/go.mod h1:mR5zwmQT9QukYmBx5VLGEpbOVtfZr8Oh0Nl74QphRLg=
github.com/TheBoringDude/minidis v0.0.0-20220322122500-62f4bb041fa8 h1:lldQfQ/jluBIhBfBbOEvoKyLGZCQb+7lsnyQwz3sMuw=
github.com/TheBoringDude/minidis v0.0.0-20220322122500-62f4bb041fa8/go.mod h1:HchrHCd/oDG7rgwTjnTsp6gWjtor44TMZ3iNGw3LzGY=
github.com/TheBoringDude/minidis v0.0.0-20220323140932-da42cd97f90d h1:Y2tI8b6DyfelPFGAY+MhNYY4la7q1QfqM2tWfmZeGHI=
github.com/TheBoringDude/minidis v0.0.0-20220323140932-da42cd97f90d/go.mod h1:HchrHCd/oDG7rgwTjnTsp6gWjtor44TMZ3iNGw3LzGY=
github.com/World-of-Cryptopups/atomicassets-go v0.0.0-20220323071005-29c06dcd3f3a h1:DOOwpuzOc0Od2LP63Y8DdWwNFcPa6apeSAXLx7+ZC6g=
github.com/World-of-Cryptopups/atomicassets-go v0.0.0-20220323071005-29c06dcd3f3a/go.mod h1:ad0Ljp8iZWgB21t6Pt0pLk3Ume+xHG+9GjTL8MJRn2c=
github.com/World-of-Cryptopups/atomicassets-go v0.0.0-20220323074558-918cf916152e h1:cavqZVJ3qubdTwucp9r/VEtUvUFoF3be1iswbN5x34k=
github.com/World-of-Cryptopups/atomicassets-go v0.0.0-20220323074558-918cf916152e/go.mod h1:1WgNjEIHtgk4jcA2pHNWcLHh0PjFdD2EJ71sDYher7c=
github.com/World-of-Cryptopups/eosrpc.go v0.0.2-0.20220323031043-8dae71837407 h1:3iAmUU4qVih2JvzqVAcdp6jacVN5dLeIIHbivyxlQoY=
github.com/World-of-Cryptopups/eosrpc.go v0.0.2-0.20220323031043-8dae71837407/go.mod h1:LVNwgFd/7SOzAydL2PcoIfRUGwMx/DII1TZv/mosZa8=
github.com/bwmarrin/discordgo v0.24.1-0.20220307125103-9586f7fb38cd h1:kDWr43GbyMXIv6JDlVErv+DoRagtIFX/GVubiueabvM=
github.com/bwmarrin/discordgo v0.24.1-0.20220307125103-9586f7fb38cd/go.mod h1:NJZpH+1AfhIcyQsPeuBKsUtYrRnjkyu0kIVMCHkZtRY=
github.com/deta/deta-go v1.0.0 h1:vg94dg2t7ChYhs8DEn4oXLzLAGGafgCSClHfMYrVFvY=
github.com/deta/deta-go v1.0.0/go.mod h1:vbQaUT8iD6xREm816eNp7Nw1aewd95dpcb/uj0T2vuY=
github.com/google/go-cmp v0.5.2 h1:X2ev0eStA3AbceY54o37/0PQ/UWqKEiiO2dKL5OPaFM=
github.com/google/go-cmp v0.5.2/go.mod h1:v8dTdLbMG2kIc/vJvl+f65V22dbkXbowE6jgT/gNBxE=
github.com/google/go-querystring v1.1.0 h1:AnCroh3fv4ZBgVIf1Iwtovgjaw/GiKJo8M8yD/fhyJ8=
github.com/google/go-querystring v1.1.0/go.mod h1:Kcdr2DB4koayq7X8pmAG4sNG59So17icRSOU623lUBU=
github.com/gorilla/websocket v1.4.2/go.mod h1:YR8l580nyteQvAITg2hZ9XVh4b55+EU/adAjf1fMHhE=
github.com/gorilla/websocket v1.5.0 h1:PPwGk2jz7EePpoHN/+ClbZu8SPxiqlu12wZP/3sWmnc=
github.com/gorilla/websocket v1.5.0/go.mod h1:YR8l580nyteQvAITg2hZ9XVh4b55+EU/adAjf1fMHhE=
golang.org/x/crypto v0.0.0-20210421170649-83a5a9bb288b/go.mod h1:T9bdIzuCu7OtxOm1hfPfRQxPLYneinmdGuTeoZ9dtd4=
golang.org/x/crypto v0.0.0-20220321153916-2c7772ba3064 h1:S25/rfnfsMVgORT4/J61MJ7rdyseOZOyvLIrZEZ7s6s=
golang.org/x/crypto v0.0.0-20220321153916-2c7772ba3064/go.mod h1:IxCIyHEi3zRg3s0A5j5BB6A9Jmi73HwBIUl50j+osU4=
golang.org/x/net v0.0.0-20210226172049-e18ecbb05110/go.mod h1:m0MpNAwzfU5UDzcl9v0D8zg8gWTRqZa9RBIspLL5mdg=
golang.org/x/sys v0.0.0-20201119102817-f84b799fce68/go.mod h1:h1NjWce9XRLGQEsW7wpKNCjG9DtNlClVuFLEZdDNbEs=
golang.org/x/sys v0.0.0-20220319134239-a9b59b0215f8 h1:OH54vjqzRWmbJ62fjuhxy7AxFFgoHN0/DPc/UrL8cAs=
golang.org/x/sys v0.0.0-20220319134239-a9b59b0215f8/go.mod h1:oPkhp1MJrh7nUepCBck5+mAzfO9JrbApNNgaTdGDITg=
golang.org/x/term v0.0.0-20201126162022-7de9c90e9dd1/go.mod h1:bj7SfCRtBDWHUb9snDiAeCFNEtKQo2Wmx5Cou7ajbmo=
golang.org/x/text v0.3.3/go.mod h1:5Zoc/QRtKVWzQhOtBMvqHzDpF6irO9z98xDceosuGiQ=
golang.org/x/tools v0.0.0-20180917221912-90fa682c2a6e/go.mod h1:n7NCudcB/nEzxVGmLbDWY5pfWTLqBcC2KZ6jyYvM4mQ=
golang.org/x/xerrors v0.0.0-20191204190536-9bdfabe68543/go.mod h1:I/5z698sn9Ka8TeJc9MKroUUfqBBauWjQqLJ2OPfmY0=
